
Microsoft Visual Studio Solution File, Format Version 12.00
# Visual Studio 14
VisualStudioVersion = 14.0.25420.1
MinimumVisualStudioVersion = 10.0.40219.1
Project("{FAE04EC0-301F-11D3-BF4B-00C04F79EFBC}") = "US4", "US4\US4.csproj", "{58BAF786-B1AD-41DC-91B5-AA9E14F35B31}"
EndProject
Global
	GlobalSection(SolutionConfigurationPlatforms) = preSolution
		Debug|Any CPU = Debug|Any CPU
		Release|Any CPU = Release|Any CPU
	EndGlobalSection
	GlobalSection(ProjectConfigurationPlatforms) = postSolution
		{58BAF786-B1AD-41DC-91B5-AA9E14F35B31}.Debug|Any CPU.ActiveCfg = Debug|Any CPU
		{58BAF786-B1AD-41DC-91B5-AA9E14F35B31}.Debug|Any CPU.Build.0 = Debug|Any CPU
		{58BAF786-B1AD-41DC-91B5-AA9E14F35B31}.Release|Any CPU.ActiveCfg = Release|Any CPU
		{58BAF786-B1AD-41DC-91B5-AA9E14F35B31}.Release|Any CPU.Build.0 = Release|Any CPU
	EndGlobalSection
	GlobalSection(SolutionProperties) = preSolution
		HideSolutionNode = FALSE
	EndGlobalSection
	GlobalSection(ExtensibilityGlobals) = postSolution
		SolutionGuid = {74AD3B1A-B073-48AB-9170-9F15FD8847FD}
	EndGlobalSection
EndGlobal
